
Microsoft Visual Studio Solution File, Format Version 12.00
# Visual Studio 2013
VisualStudioVersion = 12.0.30723.0
MinimumVisualStudioVersion = 10.0.40219.1
Project("{FAE04EC0-301F-11D3-BF4B-00C04F79EFBC}") = "Dagos", "Dagos\Dagos.csproj", "{E5FFA053-3E3A-4EA8-9328-DDC143D84BC4}"
EndProject
Project("{FAE04EC0-301F-11D3-BF4B-00C04F79EFBC}") = "Library", "Library\Library.csproj", "{660ED657-B3E2-4A02-8FB7-6D432C9218CB}"
EndProject
Project("{54435603-DBB4-11D2-8724-00A0C9A8B90C}") = "DagosSetup", "DagosSetup\DagosSetup.vdproj", "{DC84E1F3-ABAA-4087-9D6E-A20251372B61}"
EndProject
Global
	GlobalSection(SolutionConfigurationPlatforms) = preSolution
		Debug|Any CPU = Debug|Any CPU
		Release|Any CPU = Release|Any CPU
	EndGlobalSection
	GlobalSection(ProjectConfigurationPlatforms) = postSolution
		{E5FFA053-3E3A-4EA8-9328-DDC143D84BC4}.Debug|Any CPU.ActiveCfg = Debug|Any CPU
		{E5FFA053-3E3A-4EA8-9328-DDC143D84BC4}.Debug|Any CPU.Build.0 = Debug|Any CPU
		{E5FFA053-3E3A-4EA8-9328-DDC143D84BC4}.Release|Any CPU.ActiveCfg = Release|Any CPU
		{E5FFA053-3E3A-4EA8-9328-DDC143D84BC4}.Release|Any CPU.Build.0 = Release|Any CPU
		{660ED657-B3E2-4A02-8FB7-6D432C9218CB}.Debug|Any CPU.ActiveCfg = Debug|Any CPU
		{660ED657-B3E2-4A02-8FB7-6D432C9218CB}.Debug|Any CPU.Build.0 = Debug|Any CPU
		{660ED657-B3E2-4A02-8FB7-6D432C9218CB}.Release|Any CPU.ActiveCfg = Release|Any CPU
		{660ED657-B3E2-4A02-8FB7-6D432C9218CB}.Release|Any CPU.Build.0 = Release|Any CPU
		{DC84E1F3-ABAA-4087-9D6E-A20251372B61}.Debug|Any CPU.ActiveCfg = Debug
		{DC84E1F3-ABAA-4087-9D6E-A20251372B61}.Release|Any CPU.ActiveCfg = Release
		{DC84E1F3-ABAA-4087-9D6E-A20251372B61}.Release|Any CPU.Build.0 = Release
	EndGlobalSection
	GlobalSection(SolutionProperties) = preSolution
		HideSolutionNode = FALSE
	EndGlobalSection
EndGlobal
